
Microsoft Visual Studio Solution File, Format Version 12.00
# Visual Studio Version 17
VisualStudioVersion = 17.5.33530.505
MinimumVisualStudioVersion = 10.0.40219.1
Project("{FAE04EC0-301F-11D3-BF4B-00C04F79EFBC}") = "Practice(Random numbers)", "Practice(Random numbers)\Practice(Random numbers).csproj", "{82304257-BB03-4E51-80DF-E455AD35BFCE}"
EndProject
Global
	GlobalSection(SolutionConfigurationPlatforms) = preSolution
		Debug|Any CPU = Debug|Any CPU
		Release|Any CPU = Release|Any CPU
	EndGlobalSection
	GlobalSection(ProjectConfigurationPlatforms) = postSolution
		{82304257-BB03-4E51-80DF-E455AD35BFCE}.Debug|Any CPU.ActiveCfg = Debug|Any CPU
		{82304257-BB03-4E51-80DF-E455AD35BFCE}.Debug|Any CPU.Build.0 = Debug|Any CPU
		{82304257-BB03-4E51-80DF-E455AD35BFCE}.Release|Any CPU.ActiveCfg = Release|Any CPU
		{82304257-BB03-4E51-80DF-E455AD35BFCE}.Release|Any CPU.Build.0 = Release|Any CPU
	EndGlobalSection
	GlobalSection(SolutionProperties) = preSolution
		HideSolutionNode = FALSE
	EndGlobalSection
	GlobalSection(ExtensibilityGlobals) = postSolution
		SolutionGuid = {4CB369B8-B43C-448B-8A3D-EDBBE6A86C45}
	EndGlobalSection
EndGlobal
